
Microsoft Visual Studio Solution File, Format Version 12.00
# Visual Studio Version 17
VisualStudioVersion = 17.3.32929.385
MinimumVisualStudioVersion = 10.0.40219.1
Project("{9A19103F-16F7-4668-BE54-9A1E7A4F7556}") = "WPF.CatchingUnhandledExceptions", "WPF.CatchingUnhandledExceptions\WPF.CatchingUnhandledExceptions.csproj", "{BD6D1BA9-3F7C-449C-A2C5-0FCBDB1B68DB}"
EndProject
Global
	GlobalSection(SolutionConfigurationPlatforms) = preSolution
		Debug|Any CPU = Debug|Any CPU
		Release|Any CPU = Release|Any CPU
	EndGlobalSection
	GlobalSection(ProjectConfigurationPlatforms) = postSolution
		{BD6D1BA9-3F7C-449C-A2C5-0FCBDB1B68DB}.Debug|Any CPU.ActiveCfg = Debug|Any CPU
		{BD6D1BA9-3F7C-449C-A2C5-0FCBDB1B68DB}.Debug|Any CPU.Build.0 = Debug|Any CPU
		{BD6D1BA9-3F7C-449C-A2C5-0FCBDB1B68DB}.Release|Any CPU.ActiveCfg = Release|Any CPU
		{BD6D1BA9-3F7C-449C-A2C5-0FCBDB1B68DB}.Release|Any CPU.Build.0 = Release|Any CPU
	EndGlobalSection
	GlobalSection(SolutionProperties) = preSolution
		HideSolutionNode = FALSE
	EndGlobalSection
	GlobalSection(ExtensibilityGlobals) = postSolution
		SolutionGuid = {BE6CFFDB-0BBF-4F3D-A848-3ED31757D8EC}
	EndGlobalSection
EndGlobal
